Microsoft Visual Studio Solution File, Format Version 12.00
# Visual Studio Version 17
VisualStudioVersion = 17.5.2.0
MinimumVisualStudioVersion = 10.0.40219.1
Project("{FAE04EC0-301F-11D3-BF4B-00C04F79EFBC}") = "lab22", "lab22.csproj", "{CA444F6D-9EA4-041C-89CD-BC6D7EB36C1B}"
EndProject
Global
	GlobalSection(SolutionConfigurationPlatforms) = preSolution
		Debug|Any CPU = Debug|Any CPU
		Release|Any CPU = Release|Any CPU
	EndGlobalSection
	GlobalSection(ProjectConfigurationPlatforms) = postSolution
		{CA444F6D-9EA4-041C-89CD-BC6D7EB36C1B}.Debug|Any CPU.ActiveCfg = Debug|Any CPU
		{CA444F6D-9EA4-041C-89CD-BC6D7EB36C1B}.Debug|Any CPU.Build.0 = Debug|Any CPU
		{CA444F6D-9EA4-041C-89CD-BC6D7EB36C1B}.Release|Any CPU.ActiveCfg = Release|Any CPU
		{CA444F6D-9EA4-041C-89CD-BC6D7EB36C1B}.Release|Any CPU.Build.0 = Release|Any CPU
	EndGlobalSection
	GlobalSection(SolutionProperties) = preSolution
		HideSolutionNode = FALSE
	EndGlobalSection
	GlobalSection(ExtensibilityGlobals) = postSolution
		SolutionGuid = {4E497E58-EBD2-49CD-8BB2-6F2A9F41D61C}
	EndGlobalSection
EndGlobal
